
Microsoft Visual Studio Solution File, Format Version 12.00
# Visual Studio Version 17
VisualStudioVersion = 17.5.33516.290
MinimumVisualStudioVersion = 10.0.40219.1
Project("{FAE04EC0-301F-11D3-BF4B-00C04F79EFBC}") = "WebDoodle", "WebDoodle\WebDoodle.csproj", "{8A7F96D3-EF30-4E1D-AE1D-A83ACA010DB1}"
EndProject
Global
	GlobalSection(SolutionConfigurationPlatforms) = preSolution
		Debug|Any CPU = Debug|Any CPU
		Release|Any CPU = Release|Any CPU
	EndGlobalSection
	GlobalSection(ProjectConfigurationPlatforms) = postSolution
		{8A7F96D3-EF30-4E1D-AE1D-A83ACA010DB1}.Debug|Any CPU.ActiveCfg = Debug|Any CPU
		{8A7F96D3-EF30-4E1D-AE1D-A83ACA010DB1}.Debug|Any CPU.Build.0 = Debug|Any CPU
		{8A7F96D3-EF30-4E1D-AE1D-A83ACA010DB1}.Release|Any CPU.ActiveCfg = Release|Any CPU
		{8A7F96D3-EF30-4E1D-AE1D-A83ACA010DB1}.Release|Any CPU.Build.0 = Release|Any CPU
	EndGlobalSection
	GlobalSection(SolutionProperties) = preSolution
		HideSolutionNode = FALSE
	EndGlobalSection
	GlobalSection(ExtensibilityGlobals) = postSolution
		SolutionGuid = {A08B6C6C-D21E-49D1-A3FB-A19587CC1848}
	EndGlobalSection
EndGlobal
